
Microsoft Visual Studio Solution File, Format Version 12.00
# Visual Studio Version 17
VisualStudioVersion = 17.5.33414.496
MinimumVisualStudioVersion = 10.0.40219.1
Project("{FAE04EC0-301F-11D3-BF4B-00C04F79EFBC}") = "SEDC.CSharp.Basic.Homework.6", "SEDC.CSharp.Basic.Homework.6\SEDC.CSharp.Basic.Homework.6.csproj", "{F6D9A567-0417-4AB9-8719-F568F64DE00D}"
EndProject
Project("{2150E333-8FDC-42A3-9474-1A3956D46DE8}") = "Solution Items", "Solution Items", "{644D10EC-5777-41A5-9A89-696E6570D103}"
	ProjectSection(SolutionItems) = preProject
		.editorconfig = .editorconfig
	EndProjectSection
EndProject
Global
	GlobalSection(SolutionConfigurationPlatforms) = preSolution
		Debug|Any CPU = Debug|Any CPU
		Release|Any CPU = Release|Any CPU
	EndGlobalSection
	GlobalSection(ProjectConfigurationPlatforms) = postSolution
		{F6D9A567-0417-4AB9-8719-F568F64DE00D}.Debug|Any CPU.ActiveCfg = Debug|Any CPU
		{F6D9A567-0417-4AB9-8719-F568F64DE00D}.Debug|Any CPU.Build.0 = Debug|Any CPU
		{F6D9A567-0417-4AB9-8719-F568F64DE00D}.Release|Any CPU.ActiveCfg = Release|Any CPU
		{F6D9A567-0417-4AB9-8719-F568F64DE00D}.Release|Any CPU.Build.0 = Release|Any CPU
	EndGlobalSection
	GlobalSection(SolutionProperties) = preSolution
		HideSolutionNode = FALSE
	EndGlobalSection
	GlobalSection(ExtensibilityGlobals) = postSolution
		SolutionGuid = {A2F408F7-7CA5-4481-9FFF-EE916738AB65}
	EndGlobalSection
EndGlobal
